version = 1
requires-python = ">=3.13"

[[package]]
name = "day10"
version = "0.1.0"
source = { virtual = "." }
dependencies = [
    { name = "numpy" },
    { name = "rustworkx" },
]

[package.dev-dependencies]
dev = [
    { name = "snakeviz" },
]

[package.metadata]
requires-dist = [
    { name = "numpy", specifier = ">=2.2.1" },
    { name = "rustworkx", specifier = ">=0.15.1" },
]

[package.metadata.requires-dev]
dev = [{ name = "snakeviz", specifier = ">=2.2.2" }]

[[package]]
name = "numpy"
version = "2.2.1"
source = { registry = "https://pypi.org/simple" }
sdist = { url = "https://files.pythonhosted.org/packages/f2/a5/fdbf6a7871703df6160b5cf3dd774074b086d278172285c52c2758b76305/numpy-2.2.1.tar.gz", hash = "sha256:45681fd7128c8ad1c379f0ca0776a8b0c6583d2f69889ddac01559dfe4390918", size = 20227662 }
wheels = [
    { url = "https://files.pythonhosted.org/packages/20/d6/91a26e671c396e0c10e327b763485ee295f5a5a7a48c553f18417e5a0ed5/numpy-2.2.1-cp313-cp313-macosx_10_13_x86_64.whl", hash = "sha256:f1d09e520217618e76396377c81fba6f290d5f926f50c35f3a5f72b01a0da780", size = 20896464 },
    { url = "https://files.pythonhosted.org/packages/8c/40/5792ccccd91d45e87d9e00033abc4f6ca8a828467b193f711139ff1f1cd9/numpy-2.2.1-cp313-cp313-macosx_11_0_arm64.whl", hash = "sha256:3ecc47cd7f6ea0336042be87d9e7da378e5c7e9b3c8ad0f7c966f714fc10d821", size = 14111350 },
    { url = "https://files.pythonhosted.org/packages/c0/2a/fb0a27f846cb857cef0c4c92bef89f133a3a1abb4e16bba1c4dace2e9b49/numpy-2.2.1-cp313-cp313-macosx_14_0_arm64.whl", hash = "sha256:f419290bc8968a46c4933158c91a0012b7a99bb2e465d5ef5293879742f8797e", size = 5111629 },
    { url = "https://files.pythonhosted.org/packages/eb/e5/8e81bb9d84db88b047baf4e8b681a3e48d6390bc4d4e4453eca428ecbb49/numpy-2.2.1-cp313-cp313-macosx_14_0_x86_64.whl", hash = "sha256:5b6c390bfaef8c45a260554888966618328d30e72173697e5cabe6b285fb2348", size = 6645865 },
    { url = "https://files.pythonhosted.org/packages/7a/1a/a90ceb191dd2f9e2897c69dde93ccc2d57dd21ce2acbd7b0333e8eea4e8d/numpy-2.2.1-cp313-cp313-manylinux_2_17_aarch64.manylinux2014_aarch64.whl", hash = "sha256:526fc406ab991a340744aad7e25251dd47a6720a685fa3331e5c59fef5282a59", size = 14043508 },
    { url = "https://files.pythonhosted.org/packages/f1/5a/e572284c86a59dec0871a49cd4e5351e20b9c751399d5f1d79628c0542cb/numpy-2.2.1-cp313-cp313-manylinux_2_17_x86_64.manylinux2014_x86_64.whl", hash = "sha256:f74e6fdeb9a265624ec3a3918430205dff1df7e95a230779746a6af78bc615af", size = 16094100 },
    { url = "https://files.pythonhosted.org/packages/0c/2c/a79d24f364788386d85899dd280a94f30b0950be4b4a545f4fa4ed1d4ca7/numpy-2.2.1-cp313-cp313-musllinux_1_2_aarch64.whl", hash = "sha256:53c09385ff0b72ba79d8715683c1168c12e0b6e84fb0372e97553d1ea91efe51", size = 15239691 },
    { url = "https://files.pythonhosted.org/packages/cf/79/1e20fd1c9ce5a932111f964b544facc5bb9bde7865f5b42f00b4a6a9192b/numpy-2.2.1-cp313-cp313-musllinux_1_2_x86_64.whl", hash = "sha256:f3eac17d9ec51be534685ba877b6ab5edc3ab7ec95c8f163e5d7b39859524716", size = 17856571 },
    { url = "https://files.pythonhosted.org/packages/be/5b/cc155e107f75d694f562bdc84a26cc930569f3dfdfbccb3420b626065777/numpy-2.2.1-cp313-cp313-win32.whl", hash = "sha256:9ad014faa93dbb52c80d8f4d3dcf855865c876c9660cb9bd7553843dd03a4b1e", size = 6270841 },
    { url = "https://files.pythonhosted.org/packages/44/be/0e5cd009d2162e4138d79a5afb3b5d2341f0fe4777ab6e675aa3d4a42e21/numpy-2.2.1-cp313-cp313-win_amd64.whl", hash = "sha256:164a829b6aacf79ca47ba4814b130c4020b202522a93d7bff2202bfb33b61c60", size = 12606618 },
    { url = "https://files.pythonhosted.org/packages/a8/87/04ddf02dd86fb17c7485a5f87b605c4437966d53de1e3745d450343a6f56/numpy-2.2.1-cp313-cp313t-macosx_10_13_x86_64.whl", hash = "sha256:4dfda918a13cc4f81e9118dea249e192ab167a0bb1966272d5503e39234d694e", size = 20921004 },
    { url = "https://files.pythonhosted.org/packages/6e/3e/d0e9e32ab14005425d180ef950badf31b862f3839c5b927796648b11f88a/numpy-2.2.1-cp313-cp313t-macosx_11_0_arm64.whl", hash = "sha256:733585f9f4b62e9b3528dd1070ec4f52b8acf64215b60a845fa13ebd73cd0712", size = 14119910 },
    { url = "https://files.pythonhosted.org/packages/b5/5b/aa2d1905b04a8fb681e08742bb79a7bddfc160c7ce8e1ff6d5c821be0236/numpy-2.2.1-cp313-cp313t-macosx_14_0_arm64.whl", hash = "sha256:89b16a18e7bba224ce5114db863e7029803c179979e1af6ad6a6b11f70545008", size = 5153612 },
    { url = "https://files.pythonhosted.org/packages/ce/35/6831808028df0648d9b43c5df7e1051129aa0d562525bacb70019c5f5030/numpy-2.2.1-cp313-cp313t-macosx_14_0_x86_64.whl", hash = "sha256:676f4eebf6b2d430300f1f4f4c2461685f8269f94c89698d832cdf9277f30b84", size = 6668401 },
    { url = "https://files.pythonhosted.org/packages/b1/38/10ef509ad63a5946cc042f98d838daebfe7eaf45b9daaf13df2086b15ff9/numpy-2.2.1-cp313-cp313t-manylinux_2_17_aarch64.manylinux2014_aarch64.whl", hash = "sha256:27f5cdf9f493b35f7e41e8368e7d7b4bbafaf9660cba53fb21d2cd174ec09631", size = 14014198 },
    { url = "https://files.pythonhosted.org/packages/df/f8/c80968ae01df23e249ee0a4487fae55a4c0fe2f838dfe9cc907aa8aea0fa/numpy-2.2.1-cp313-cp313t-manylinux_2_17_x86_64.manylinux2014_x86_64.whl", hash = "sha256:c1ad395cf254c4fbb5b2132fee391f361a6e8c1adbd28f2cd8e79308a615fe9d", size = 16076211 },
    { url = "https://files.pythonhosted.org/packages/09/69/05c169376016a0b614b432967ac46ff14269eaffab80040ec03ae1ae8e2c/numpy-2.2.1-cp313-cp313t-musllinux_1_2_aarch64.whl", hash = "sha256:08ef779aed40dbc52729d6ffe7dd51df85796a702afbf68a4f4e41fafdc8bda5", size = 15220266 },
    { url = "https://files.pythonhosted.org/packages/f1/ff/94a4ce67ea909f41cf7ea712aebbe832dc67decad22944a1020bb398a5ee/numpy-2.2.1-cp313-cp313t-musllinux_1_2_x86_64.whl", hash = "sha256:26c9c4382b19fcfbbed3238a14abf7ff223890ea1936b8890f058e7ba35e8d71", size = 17852844 },
    { url = "https://files.pythonhosted.org/packages/46/72/8a5dbce4020dfc595592333ef2fbb0a187d084ca243b67766d29d03e0096/numpy-2.2.1-cp313-cp313t-win32.whl", hash = "sha256:93cf4e045bae74c90ca833cba583c14b62cb4ba2cba0abd2b141ab52548247e2", size = 6326007 },
    { url = "https://files.pythonhosted.org/packages/7b/9c/4fce9cf39dde2562584e4cfd351a0140240f82c0e3569ce25a250f47037d/numpy-2.2.1-cp313-cp313t-win_amd64.whl", hash = "sha256:bff7d8ec20f5f42607599f9994770fa65d76edca264a87b5e4ea5629bce12268", size = 12693107 },
]

[[package]]
name = "rustworkx"
version = "0.15.1"
source = { registry = "https://pypi.org/simple" }
dependencies = [
    { name = "numpy" },
]
sdist = { url = "https://files.pythonhosted.org/packages/5e/07/1af3ead27f1da113a60dc6735c761da6fc2e2db4cfc414bbcd03a989ccee/rustworkx-0.15.1.tar.gz", hash = "sha256:0e0cc86599f979285b2ab9c357276f3272f3fcb3b2df5651a6bf9704c570d4c1", size = 342216 }
wheels = [
    { url = "https://files.pythonhosted.org/packages/37/06/adeed1d166c55920a6a83085e8c8c8b24c8d7708de99f7a814458a3c4529/rustworkx-0.15.1-cp38-abi3-macosx_10_12_x86_64.whl", hash = "sha256:6cd4496d3298cd3205c03545e48cc37d21e0455d57752af801d3fb250452d590", size = 1880966 },
    { url = "https://files.pythonhosted.org/packages/03/11/95350c7eeade2e61a736f1ca956ee04acb920b7b080ff0c058c40cc7bbf3/rustworkx-0.15.1-cp38-abi3-macosx_11_0_arm64.whl", hash = "sha256:cb518f5649e62d753e29ca1e57290c8f58adbebcd154dc3159f4a36ebfa1e2b7", size = 1707452 },
    { url = "https://files.pythonhosted.org/packages/2f/2b/494982ecc4618796aacb8069bc176d895cec4bf1ac8dd0b1d69657d920c4/rustworkx-0.15.1-cp38-abi3-manylinux_2_12_i686.manylinux2010_i686.manylinux_2_17_i686.manylinux2014_i686.whl", hash = "sha256:6ac68ae2515ece22ba3ef56f3d16ad6bf707955f650d623190b2e7d706c6dc92", size = 2009359 },
    { url = "https://files.pythonhosted.org/packages/7f/3c/23304cf86c4af6014884bde046073105ace6250b6a0914c1090f2643d03c/rustworkx-0.15.1-cp38-abi3-manylinux_2_17_aarch64.manylinux2014_aarch64.whl", hash = "sha256:8b903edec1d803704b499959f9d6f6119cdda63b9b64194a4b4307e506b112f0", size = 1862943 },
    { url = "https://files.pythonhosted.org/packages/b3/2a/03e6ff45cb772d249d4bf2d433a2acd2ec857615b3c1d44f0fa49e13aa63/rustworkx-0.15.1-cp38-abi3-manylinux_2_17_ppc64le.manylinux2014_ppc64le.whl", hash = "sha256:a2c97a56ff8a0f6c273a83e26e627c72207442b4252aa550acad0bff42caac40", size = 2029096 },
    { url = "https://files.pythonhosted.org/packages/15/88/a3710209f647d89358c81b5974aee48b1ab361fd016dcae81824e29ee645/rustworkx-0.15.1-cp38-abi3-manylinux_2_17_s390x.manylinux2014_s390x.whl", hash = "sha256:241c502532e348ba89200823326dba30de4df4b886cb2fd5a140b359ff124bb3", size = 3611892 },
    { url = "https://files.pythonhosted.org/packages/cb/a0/af448af28514e82f36e7431bc88e933ad043e5a95a7985bd9458a05877c6/rustworkx-0.15.1-cp38-abi3-manylinux_2_17_x86_64.manylinux2014_x86_64.whl", hash = "sha256:7e5f4156f46fa03177c9b0580450eab87786063495d48b457762a5bdd20c55e2", size = 1950466 },
    { url = "https://files.pythonhosted.org/packages/c6/fe/1e9a8a29c21080155b7422011a3c472aa45dbb3b8bb6f610958eb906a713/rustworkx-0.15.1-cp38-abi3-musllinux_1_1_aarch64.whl", hash = "sha256:7834ab34748db6214ec3b3836b996b23882dc83184234e6d346d6bb85fd58ae5", size = 1888003 },
    { url = "https://files.pythonhosted.org/packages/65/66/daf6fffadb749574f78cd70919e598371d40484993ed005ed5efbef28b4e/rustworkx-0.15.1-cp38-abi3-musllinux_1_1_x86_64.whl", hash = "sha256:ce53f173fed16e1d51d9df9f23475a16c981b03bf1a412d991c75a70db6b1dc1", size = 1976312 },
    { url = "https://files.pythonhosted.org/packages/d5/ea/9cbf42b4d9a2b6ad18736bc2149d2b2439075b70094232ba3494fd14845b/rustworkx-0.15.1-cp38-abi3-win32.whl", hash = "sha256:308bc76a01bcae9af4602d8b9ed58021df37dd0bb5a7b2e3831ae53c5e234ff0", size = 1683889 },
    { url = "https://files.pythonhosted.org/packages/9c/c6/50f5736f5dac1709c6c8b6ac3470f466fd793dd25c081923942caf13051f/rustworkx-0.15.1-cp38-abi3-win_amd64.whl", hash = "sha256:89077382633e918d2392772f53b9d6d30eee51eb536f8d38ee195c212b2f0427", size = 1840525 },
]

[[package]]
name = "snakeviz"
version = "2.2.2"
source = { registry = "https://pypi.org/simple" }
dependencies = [
    { name = "tornado" },
]
sdist = { url = "https://files.pythonhosted.org/packages/04/06/82f56563b16d33c2586ac2615a3034a83a4ff1969b84c8d79339e5d07d73/snakeviz-2.2.2.tar.gz", hash = "sha256:08028c6f8e34a032ff14757a38424770abb8662fb2818985aeea0d9bc13a7d83", size = 182039 }
wheels = [
    { url = "https://files.pythonhosted.org/packages/cd/f7/83b00cdf4f114f10750a18b64c27dc34636d0ac990ccac98282f5c0fbb43/snakeviz-2.2.2-py3-none-any.whl", hash = "sha256:77e7b9c82f6152edc330040319b97612351cd9b48c706434c535c2df31d10ac5", size = 183477 },
]

[[package]]
name = "tornado"
version = "6.4.2"
source = { registry = "https://pypi.org/simple" }
sdist = { url = "https://files.pythonhosted.org/packages/59/45/a0daf161f7d6f36c3ea5fc0c2de619746cc3dd4c76402e9db545bd920f63/tornado-6.4.2.tar.gz", hash = "sha256:92bad5b4746e9879fd7bf1eb21dce4e3fc5128d71601f80005afa39237ad620b", size = 501135 }
wheels = [
    { url = "https://files.pythonhosted.org/packages/26/7e/71f604d8cea1b58f82ba3590290b66da1e72d840aeb37e0d5f7291bd30db/tornado-6.4.2-cp38-abi3-macosx_10_9_universal2.whl", hash = "sha256:e828cce1123e9e44ae2a50a9de3055497ab1d0aeb440c5ac23064d9e44880da1", size = 436299 },
    { url = "https://files.pythonhosted.org/packages/96/44/87543a3b99016d0bf54fdaab30d24bf0af2e848f1d13d34a3a5380aabe16/tornado-6.4.2-cp38-abi3-macosx_10_9_x86_64.whl", hash = "sha256:072ce12ada169c5b00b7d92a99ba089447ccc993ea2143c9ede887e0937aa803", size = 434253 },
    { url = "https://files.pythonhosted.org/packages/cb/fb/fdf679b4ce51bcb7210801ef4f11fdac96e9885daa402861751353beea6e/tornado-6.4.2-cp38-abi3-manylinux_2_17_aarch64.manylinux2014_aarch64.whl", hash = "sha256:1a017d239bd1bb0919f72af256a970624241f070496635784d9bf0db640d3fec", size = 437602 },
    { url = "https://files.pythonhosted.org/packages/4f/3b/e31aeffffc22b475a64dbeb273026a21b5b566f74dee48742817626c47dc/tornado-6.4.2-cp38-abi3-manylinux_2_5_i686.manylinux1_i686.manylinux_2_17_i686.manylinux2014_i686.whl", hash = "sha256:c36e62ce8f63409301537222faffcef7dfc5284f27eec227389f2ad11b09d946", size = 436972 },
    { url = "https://files.pythonhosted.org/packages/22/55/b78a464de78051a30599ceb6983b01d8f732e6f69bf37b4ed07f642ac0fc/tornado-6.4.2-cp38-abi3-manylinux_2_5_x86_64.manylinux1_x86_64.manylinux_2_17_x86_64.manylinux2014_x86_64.whl", hash = "sha256:bca9eb02196e789c9cb5c3c7c0f04fb447dc2adffd95265b2c7223a8a615ccbf", size = 437173 },
    { url = "https://files.pythonhosted.org/packages/79/5e/be4fb0d1684eb822c9a62fb18a3e44a06188f78aa466b2ad991d2ee31104/tornado-6.4.2-cp38-abi3-musllinux_1_2_aarch64.whl", hash = "sha256:304463bd0772442ff4d0f5149c6f1c2135a1fae045adf070821c6cdc76980634", size = 437892 },
    { url = "https://files.pythonhosted.org/packages/f5/33/4f91fdd94ea36e1d796147003b490fe60a0215ac5737b6f9c65e160d4fe0/tornado-6.4.2-cp38-abi3-musllinux_1_2_i686.whl", hash = "sha256:c82c46813ba483a385ab2a99caeaedf92585a1f90defb5693351fa7e4ea0bf73", size = 437334 },
    { url = "https://files.pythonhosted.org/packages/2b/ae/c1b22d4524b0e10da2f29a176fb2890386f7bd1f63aacf186444873a88a0/tornado-6.4.2-cp38-abi3-musllinux_1_2_x86_64.whl", hash = "sha256:932d195ca9015956fa502c6b56af9eb06106140d844a335590c1ec7f5277d10c", size = 437261 },
    { url = "https://files.pythonhosted.org/packages/b5/25/36dbd49ab6d179bcfc4c6c093a51795a4f3bed380543a8242ac3517a1751/tornado-6.4.2-cp38-abi3-win32.whl", hash = "sha256:2876cef82e6c5978fde1e0d5b1f919d756968d5b4282418f3146b79b58556482", size = 438463 },
    { url = "https://files.pythonhosted.org/packages/61/cc/58b1adeb1bb46228442081e746fcdbc4540905c87e8add7c277540934edb/tornado-6.4.2-cp38-abi3-win_amd64.whl", hash = "sha256:908b71bf3ff37d81073356a5fadcc660eb10c1476ee6e2725588626ce7e5ca38", size = 438907 },
]
